
Microsoft Visual Studio Solution File, Format Version 12.00
# Visual Studio Version 17
VisualStudioVersion = 17.13.35828.75 d17.13
MinimumVisualStudioVersion = 10.0.40219.1
Project("{FAE04EC0-301F-11D3-BF4B-00C04F79EFBC}") = "ScreenSound-04", "ScreenSound-04\ScreenSound-04.csproj", "{95C6D123-D6AC-47FB-9AD1-B0C5D57A166A}"
EndProject
Global
	GlobalSection(SolutionConfigurationPlatforms) = preSolution
		Debug|Any CPU = Debug|Any CPU
		Release|Any CPU = Release|Any CPU
	EndGlobalSection
	GlobalSection(ProjectConfigurationPlatforms) = postSolution
		{95C6D123-D6AC-47FB-9AD1-B0C5D57A166A}.Debug|Any CPU.ActiveCfg = Debug|Any CPU
		{95C6D123-D6AC-47FB-9AD1-B0C5D57A166A}.Debug|Any CPU.Build.0 = Debug|Any CPU
		{95C6D123-D6AC-47FB-9AD1-B0C5D57A166A}.Release|Any CPU.ActiveCfg = Release|Any CPU
		{95C6D123-D6AC-47FB-9AD1-B0C5D57A166A}.Release|Any CPU.Build.0 = Release|Any CPU
	EndGlobalSection
	GlobalSection(SolutionProperties) = preSolution
		HideSolutionNode = FALSE
	EndGlobalSection
	GlobalSection(ExtensibilityGlobals) = postSolution
		SolutionGuid = {7BB18B58-280F-41CF-88C2-4B4C28C0DDBE}
	EndGlobalSection
EndGlobal
