
Microsoft Visual Studio Solution File, Format Version 12.00
# Visual Studio Version 17
VisualStudioVersion = 17.13.35828.75 d17.13
MinimumVisualStudioVersion = 10.0.40219.1
Project("{FAE04EC0-301F-11D3-BF4B-00C04F79EFBC}") = "DesafioAlura03", "DesafioAlura03\DesafioAlura03.csproj", "{EDBEE81D-48F1-492F-B144-4BBCEB264E8B}"
EndProject
Global
	GlobalSection(SolutionConfigurationPlatforms) = preSolution
		Debug|Any CPU = Debug|Any CPU
		Release|Any CPU = Release|Any CPU
	EndGlobalSection
	GlobalSection(ProjectConfigurationPlatforms) = postSolution
		{EDBEE81D-48F1-492F-B144-4BBCEB264E8B}.Debug|Any CPU.ActiveCfg = Debug|Any CPU
		{EDBEE81D-48F1-492F-B144-4BBCEB264E8B}.Debug|Any CPU.Build.0 = Debug|Any CPU
		{EDBEE81D-48F1-492F-B144-4BBCEB264E8B}.Release|Any CPU.ActiveCfg = Release|Any CPU
		{EDBEE81D-48F1-492F-B144-4BBCEB264E8B}.Release|Any CPU.Build.0 = Release|Any CPU
	EndGlobalSection
	GlobalSection(SolutionProperties) = preSolution
		HideSolutionNode = FALSE
	EndGlobalSection
	GlobalSection(ExtensibilityGlobals) = postSolution
		SolutionGuid = {CC0D2C20-286A-4DDF-87CC-55F6269C6E29}
	EndGlobalSection
EndGlobal
